// !$*UTF8*$!
{
	archiveVersion = 1;
	classes = {
	};
	objectVersion = 46;
	objects = {

/* Begin PBXBuildFile section */
		B71B85181CB45C1300669E20 /* HiddenGemData.xcdatamodeld in Sources */ = {isa = PBXBuildFile; fileRef = B71B85161CB45C1300669E20 /* HiddenGemData.xcdatamodeld */; };
		B74A5B6D1C86A38B00E46425 /* ExploreViewController.swift in Sources */ = {isa = PBXBuildFile; fileRef = B74A5B6C1C86A38B00E46425 /* ExploreViewController.swift */; };
		B756DDAD1CADF41B0005A612 /* face.png in Resources */ = {isa = PBXBuildFile; fileRef = B756DDA91CADF41B0005A612 /* face.png */; };
		B756DDAF1CADF41B0005A612 /* person.png in Resources */ = {isa = PBXBuildFile; fileRef = B756DDAB1CADF41B0005A612 /* person.png */; };
		B756DDB01CADF41B0005A612 /* settings.png in Resources */ = {isa = PBXBuildFile; fileRef = B756DDAC1CADF41B0005A612 /* settings.png */; };
		B756DDB21CADF8640005A612 /* logout-2.png in Resources */ = {isa = PBXBuildFile; fileRef = B756DDB11CADF8640005A612 /* logout-2.png */; };
		B75AB7461CB02D00000B878D /* Museum Filled-50.png in Resources */ = {isa = PBXBuildFile; fileRef = B75AB7451CB02D00000B878D /* Museum Filled-50.png */; };
		B75AB7481CB02E9F000B878D /* Restaurant Filled-50.png in Resources */ = {isa = PBXBuildFile; fileRef = B75AB7471CB02E9F000B878D /* Restaurant Filled-50.png */; };
		B75AB74A1CB02F5A000B878D /* Cocktail Filled-50.png in Resources */ = {isa = PBXBuildFile; fileRef = B75AB7491CB02F5A000B878D /* Cocktail Filled-50.png */; };
		B75AB74C1CB032FC000B878D /* Bear Footprint Filled-50.png in Resources */ = {isa = PBXBuildFile; fileRef = B75AB74B1CB032FC000B878D /* Bear Footprint Filled-50.png */; };
		B75AB74E1CB0346D000B878D /* Deciduous Tree Filled-50.png in Resources */ = {isa = PBXBuildFile; fileRef = B75AB74D1CB0346D000B878D /* Deciduous Tree Filled-50.png */; };
		B78B65241CAB4F3200E903C7 /* Main.storyboard in Resources */ = {isa = PBXBuildFile; fileRef = B78B65221CAB4F3200E903C7 /* Main.storyboard */; };
		B79D967F1CACF41B00043E99 /* PreferencesViewController.swift in Sources */ = {isa = PBXBuildFile; fileRef = B79D967E1CACF41B00043E99 /* PreferencesViewController.swift */; };
		B79D96811CACFAB200043E99 /* MyAccountViewController.swift in Sources */ = {isa = PBXBuildFile; fileRef = B79D96801CACFAB200043E99 /* MyAccountViewController.swift */; };
		B7E2B32F1C7CCC7700A57833 /* AppDelegate.swift in Sources */ = {isa = PBXBuildFile; fileRef = B7E2B32E1C7CCC7700A57833 /* AppDelegate.swift */; };
		B7E2B3311C7CCC7700A57833 /* ViewController.swift in Sources */ = {isa = PBXBuildFile; fileRef = B7E2B3301C7CCC7700A57833 /* ViewController.swift */; };
		B7E2B3361C7CCC7700A57833 /* Assets.xcassets in Resources */ = {isa = PBXBuildFile; fileRef = B7E2B3351C7CCC7700A57833 /* Assets.xcassets */; };
		B7E2B3441C7CCC7700A57833 /* HiddenGemsTests.swift in Sources */ = {isa = PBXBuildFile; fileRef = B7E2B3431C7CCC7700A57833 /* HiddenGemsTests.swift */; };
		B7E2B34F1C7CCC7700A57833 /* HiddenGemsUITests.swift in Sources */ = {isa = PBXBuildFile; fileRef = B7E2B34E1C7CCC7700A57833 /* HiddenGemsUITests.swift */; };
		B7E2B35F1C7CE51A00A57833 /* MapViewController.swift in Sources */ = {isa = PBXBuildFile; fileRef = B7E2B35E1C7CE51A00A57833 /* MapViewController.swift */; };
		B7EB1EDD1C9A601800FF1C11 /* iph6&s.png in Resources */ = {isa = PBXBuildFile; fileRef = B7EB1EDC1C9A601800FF1C11 /* iph6&s.png */; };
		BA28B64F1CB47B38006E66A0 /* Kitesurfing Filled-50.png in Resources */ = {isa = PBXBuildFile; fileRef = BA28B64E1CB47B38006E66A0 /* Kitesurfing Filled-50.png */; };
		BA2C97E11CB48F5F007E49A8 /* Default-568h@2x.png in Resources */ = {isa = PBXBuildFile; fileRef = BA2C97E01CB48F5F007E49A8 /* Default-568h@2x.png */; };
		BA2C97E31CB49B70007E49A8 /* ForgetPasswordVC.swift in Sources */ = {isa = PBXBuildFile; fileRef = BA2C97E21CB49B70007E49A8 /* ForgetPasswordVC.swift */; };
		BA6FADA41C8FC2990053D9CB /* background1.png in Resources */ = {isa = PBXBuildFile; fileRef = BA6FADA31C8FC2990053D9CB /* background1.png */; };
		BA6FADAB1C90FE7F0053D9CB /* RegisterViewController.swift in Sources */ = {isa = PBXBuildFile; fileRef = BA6FADAA1C90FE7F0053D9CB /* RegisterViewController.swift */; };
		C69A240A1CBDBC7300969AE6 /* marker_purple.png in Resources */ = {isa = PBXBuildFile; fileRef = C69A24081CBDBC7300969AE6 /* marker_purple.png */; };
		C69A240B1CBDBC7300969AE6 /* marker_red.png in Resources */ = {isa = PBXBuildFile; fileRef = C69A24091CBDBC7300969AE6 /* marker_red.png */; };
		C6BBA21A1CC7292600297AB7 /* iph6s-1.png in Resources */ = {isa = PBXBuildFile; fileRef = C6BBA2191CC7292600297AB7 /* iph6s-1.png */; };
		C6BBA21C1CC7293100297AB7 /* Kitesurfing Filled-50.png in Resources */ = {isa = PBXBuildFile; fileRef = C6BBA21B1CC7293100297AB7 /* Kitesurfing Filled-50.png */; };
		C6BBA2201CC729C100297AB7 /* HiddenGemsLaunch.png in Resources */ = {isa = PBXBuildFile; fileRef = C6BBA21E1CC729C100297AB7 /* HiddenGemsLaunch.png */; };
		C6BBA2231CC72A8300297AB7 /* iph6s180.png in Resources */ = {isa = PBXBuildFile; fileRef = C6BBA2211CC72A8300297AB7 /* iph6s180.png */; };
		C6BBA2241CC72A8300297AB7 /* iph6120.png in Resources */ = {isa = PBXBuildFile; fileRef = C6BBA2221CC72A8300297AB7 /* iph6120.png */; };
		C6BBA2271CC7300C00297AB7 /* bp_icon_white.png in Resources */ = {isa = PBXBuildFile; fileRef = C6BBA2251CC7300C00297AB7 /* bp_icon_white.png */; };
		C6BBA2281CC7300C00297AB7 /* bp_icon.png in Resources */ = {isa = PBXBuildFile; fileRef = C6BBA2261CC7300C00297AB7 /* bp_icon.png */; };
		C6BBA22A1CC7485400297AB7 /* HiddenGemsBackground.png in Resources */ = {isa = PBXBuildFile; fileRef = C6BBA2291CC7485400297AB7 /* HiddenGemsBackground.png */; };
		C6D7EE2B1CB7241C007C16AB /* NearbyViewController.swift in Sources */ = {isa = PBXBuildFile; fileRef = C6D7EE2A1CB7241C007C16AB /* NearbyViewController.swift */; };
		C6D7EE2D1CB72585007C16AB /* LaunchScreen.xib in Resources */ = {isa = PBXBuildFile; fileRef = C6D7EE2C1CB72585007C16AB /* LaunchScreen.xib */; };
/* End PBXBuildFile section */

/* Begin PBXContainerItemProxy section */
		B7E2B3401C7CCC7700A57833 /* PBXContainerItemProxy */ = {
			isa = PBXContainerItemProxy;
			containerPortal = B7E2B3231C7CCC7700A57833 /* Project object */;
			proxyType = 1;
			remoteGlobalIDString = B7E2B32A1C7CCC7700A57833;
			remoteInfo = HiddenGems;
		};
		B7E2B34B1C7CCC7700A57833 /* PBXContainerItemProxy */ = {
			isa = PBXContainerItemProxy;
			containerPortal = B7E2B3231C7CCC7700A57833 /* Project object */;
			proxyType = 1;
			remoteGlobalIDString = B7E2B32A1C7CCC7700A57833;
			remoteInfo = HiddenGems;
		};
/* End PBXContainerItemProxy section */

/* Begin PBXFileReference section */
		B71B85171CB45C1300669E20 /* HiddenGemData.xcdatamodel */ = {isa = PBXFileReference; lastKnownFileType = wrapper.xcdatamodel; path = HiddenGemData.xcdatamodel; sourceTree = "<group>"; };
		B74A5B6C1C86A38B00E46425 /* ExploreViewController.swift */ = {isa = PBXFileReference; fileEncoding = 4; lastKnownFileType = sourcecode.swift; path = ExploreViewController.swift; sourceTree = "<group>"; };
		B756DDA91CADF41B0005A612 /* face.png */ = {isa = PBXFileReference; lastKnownFileType = image.png; name = face.png; path = Icons/face.png; sourceTree = SOURCE_ROOT; };
		B756DDAB1CADF41B0005A612 /* person.png */ = {isa = PBXFileReference; lastKnownFileType = image.png; name = person.png; path = Icons/person.png; sourceTree = SOURCE_ROOT; };
		B756DDAC1CADF41B0005A612 /* settings.png */ = {isa = PBXFileReference; lastKnownFileType = image.png; name = settings.png; path = Icons/settings.png; sourceTree = SOURCE_ROOT; };
		B756DDB11CADF8640005A612 /* logout-2.png */ = {isa = PBXFileReference; lastKnownFileType = image.png; name = "logout-2.png"; path = "Icons/logout-2.png"; sourceTree = SOURCE_ROOT; };
		B75AB7451CB02D00000B878D /* Museum Filled-50.png */ = {isa = PBXFileReference; lastKnownFileType = image.png; name = "Museum Filled-50.png"; path = "Icons/Museum Filled-50.png"; sourceTree = SOURCE_ROOT; };
		B75AB7471CB02E9F000B878D /* Restaurant Filled-50.png */ = {isa = PBXFileReference; lastKnownFileType = image.png; name = "Restaurant Filled-50.png"; path = "Icons/Restaurant Filled-50.png"; sourceTree = SOURCE_ROOT; };
		B75AB7491CB02F5A000B878D /* Cocktail Filled-50.png */ = {isa = PBXFileReference; lastKnownFileType = image.png; name = "Cocktail Filled-50.png"; path = "Icons/Cocktail Filled-50.png"; sourceTree = SOURCE_ROOT; };
		B75AB74B1CB032FC000B878D /* Bear Footprint Filled-50.png */ = {isa = PBXFileReference; lastKnownFileType = image.png; name = "Bear Footprint Filled-50.png"; path = "Icons/Bear Footprint Filled-50.png"; sourceTree = SOURCE_ROOT; };
		B75AB74D1CB0346D000B878D /* Deciduous Tree Filled-50.png */ = {isa = PBXFileReference; lastKnownFileType = image.png; name = "Deciduous Tree Filled-50.png"; path = "Icons/Deciduous Tree Filled-50.png"; sourceTree = SOURCE_ROOT; };
		B78B65231CAB4F3200E903C7 /* Base */ = {isa = PBXFileReference; lastKnownFileType = file.storyboard; name = Base; path = Base.lproj/Main.storyboard; sourceTree = "<group>"; };
		B79D967E1CACF41B00043E99 /* PreferencesViewController.swift */ = {isa = PBXFileReference; fileEncoding = 4; lastKnownFileType = sourcecode.swift; name = PreferencesViewController.swift; path = ../PreferencesViewController.swift; sourceTree = "<group>"; };
		B79D96801CACFAB200043E99 /* MyAccountViewController.swift */ = {isa = PBXFileReference; fileEncoding = 4; lastKnownFileType = sourcecode.swift; path = MyAccountViewController.swift; sourceTree = "<group>"; };
		B7E2B32B1C7CCC7700A57833 /* HiddenGems.app */ = {isa = PBXFileReference; explicitFileType = wrapper.application; includeInIndex = 0; path = HiddenGems.app; sourceTree = BUILT_PRODUCTS_DIR; };
		B7E2B32E1C7CCC7700A57833 /* AppDelegate.swift */ = {isa = PBXFileReference; lastKnownFileType = sourcecode.swift; path = AppDelegate.swift; sourceTree = "<group>"; };
		B7E2B3301C7CCC7700A57833 /* ViewController.swift */ = {isa = PBXFileReference; lastKnownFileType = sourcecode.swift; path = ViewController.swift; sourceTree = "<group>"; };
		B7E2B3351C7CCC7700A57833 /* Assets.xcassets */ = {isa = PBXFileReference; lastKnownFileType = folder.assetcatalog; path = Assets.xcassets; sourceTree = "<group>"; };
		B7E2B33A1C7CCC7700A57833 /* Info.plist */ = {isa = PBXFileReference; lastKnownFileType = text.plist.xml; path = Info.plist; sourceTree = "<group>"; };
		B7E2B33F1C7CCC7700A57833 /* HiddenGemsTests.xctest */ = {isa = PBXFileReference; explicitFileType = wrapper.cfbundle; includeInIndex = 0; path = HiddenGemsTests.xctest; sourceTree = BUILT_PRODUCTS_DIR; };
		B7E2B3431C7CCC7700A57833 /* HiddenGemsTests.swift */ = {isa = PBXFileReference; lastKnownFileType = sourcecode.swift; path = HiddenGemsTests.swift; sourceTree = "<group>"; };
		B7E2B3451C7CCC7700A57833 /* Info.plist */ = {isa = PBXFileReference; lastKnownFileType = text.plist.xml; path = Info.plist; sourceTree = "<group>"; };
		B7E2B34A1C7CCC7700A57833 /* HiddenGemsUITests.xctest */ = {isa = PBXFileReference; explicitFileType = wrapper.cfbundle; includeInIndex = 0; path = HiddenGemsUITests.xctest; sourceTree = BUILT_PRODUCTS_DIR; };
		B7E2B34E1C7CCC7700A57833 /* HiddenGemsUITests.swift */ = {isa = PBXFileReference; lastKnownFileType = sourcecode.swift; path = HiddenGemsUITests.swift; sourceTree = "<group>"; };
		B7E2B3501C7CCC7700A57833 /* Info.plist */ = {isa = PBXFileReference; lastKnownFileType = text.plist.xml; path = Info.plist; sourceTree = "<group>"; };
		B7E2B35E1C7CE51A00A57833 /* MapViewController.swift */ = {isa = PBXFileReference; fileEncoding = 4; lastKnownFileType = sourcecode.swift; path = MapViewController.swift; sourceTree = "<group>"; };
		B7EB1EDC1C9A601800FF1C11 /* iph6&s.png */ = {isa = PBXFileReference; lastKnownFileType = image.png; path = "iph6&s.png"; sourceTree = SOURCE_ROOT; };
		BA28B64E1CB47B38006E66A0 /* Kitesurfing Filled-50.png */ = {isa = PBXFileReference; lastKnownFileType = image.png; path = "Kitesurfing Filled-50.png"; sourceTree = SOURCE_ROOT; };
		BA2C97E01CB48F5F007E49A8 /* Default-568h@2x.png */ = {isa = PBXFileReference; lastKnownFileType = image.png; path = "Default-568h@2x.png"; sourceTree = "<group>"; };
		BA2C97E21CB49B70007E49A8 /* ForgetPasswordVC.swift */ = {isa = PBXFileReference; fileEncoding = 4; lastKnownFileType = sourcecode.swift; path = ForgetPasswordVC.swift; sourceTree = "<group>"; };
		BA6FADA31C8FC2990053D9CB /* background1.png */ = {isa = PBXFileReference; lastKnownFileType = image.png; path = background1.png; sourceTree = SOURCE_ROOT; };
		BA6FADAA1C90FE7F0053D9CB /* RegisterViewController.swift */ = {isa = PBXFileReference; fileEncoding = 4; lastKnownFileType = sourcecode.swift; path = RegisterViewController.swift; sourceTree = "<group>"; };
		C69A24081CBDBC7300969AE6 /* marker_purple.png */ = {isa = PBXFileReference; lastKnownFileType = image.png; path = marker_purple.png; sourceTree = "<group>"; };
		C69A24091CBDBC7300969AE6 /* marker_red.png */ = {isa = PBXFileReference; lastKnownFileType = image.png; path = marker_red.png; sourceTree = "<group>"; };
		C6BBA2191CC7292600297AB7 /* iph6s-1.png */ = {isa = PBXFileReference; lastKnownFileType = image.png; path = "iph6s-1.png"; sourceTree = "<group>"; };
		C6BBA21B1CC7293100297AB7 /* Kitesurfing Filled-50.png */ = {isa = PBXFileReference; lastKnownFileType = image.png; path = "Kitesurfing Filled-50.png"; sourceTree = "<group>"; };
		C6BBA21E1CC729C100297AB7 /* HiddenGemsLaunch.png */ = {isa = PBXFileReference; lastKnownFileType = image.png; path = HiddenGemsLaunch.png; sourceTree = "<group>"; };
		C6BBA2211CC72A8300297AB7 /* iph6s180.png */ = {isa = PBXFileReference; lastKnownFileType = image.png; path = iph6s180.png; sourceTree = "<group>"; };
		C6BBA2221CC72A8300297AB7 /* iph6120.png */ = {isa = PBXFileReference; lastKnownFileType = image.png; path = iph6120.png; sourceTree = "<group>"; };
		C6BBA2251CC7300C00297AB7 /* bp_icon_white.png */ = {isa = PBXFileReference; lastKnownFileType = image.png; path = bp_icon_white.png; sourceTree = "<group>"; };
		C6BBA2261CC7300C00297AB7 /* bp_icon.png */ = {isa = PBXFileReference; lastKnownFileType = image.png; path = bp_icon.png; sourceTree = "<group>"; };
		C6BBA2291CC7485400297AB7 /* HiddenGemsBackground.png */ = {isa = PBXFileReference; lastKnownFileType = image.png; path = HiddenGemsBackground.png; sourceTree = "<group>"; };
		C6D7EE2A1CB7241C007C16AB /* NearbyViewController.swift */ = {isa = PBXFileReference; fileEncoding = 4; lastKnownFileType = sourcecode.swift; path = NearbyViewController.swift; sourceTree = "<group>"; };
		C6D7EE2C1CB72585007C16AB /* LaunchScreen.xib */ = {isa = PBXFileReference; fileEncoding = 4; lastKnownFileType = file.xib; path = LaunchScreen.xib; sourceTree = "<group>"; };
/* End PBXFileReference section */

/* Begin PBXFrameworksBuildPhase section */
		B7E2B3281C7CCC7700A57833 /* Frameworks */ = {
			isa = PBXFrameworksBuildPhase;
			buildActionMask = 2147483647;
			files = (
			);
			runOnlyForDeploymentPostprocessing = 0;
		};
		B7E2B33C1C7CCC7700A57833 /* Frameworks */ = {
			isa = PBXFrameworksBuildPhase;
			buildActionMask = 2147483647;
			files = (
			);
			runOnlyForDeploymentPostprocessing = 0;
		};
		B7E2B3471C7CCC7700A57833 /* Frameworks */ = {
			isa = PBXFrameworksBuildPhase;
			buildActionMask = 2147483647;
			files = (
			);
			runOnlyForDeploymentPostprocessing = 0;
		};
/* End PBXFrameworksBuildPhase section */

/* Begin PBXGroup section */
		B7E2B3221C7CCC7700A57833 = {
			isa = PBXGroup;
			children = (
				BA2C97E01CB48F5F007E49A8 /* Default-568h@2x.png */,
				B7E2B32D1C7CCC7700A57833 /* HiddenGems */,
				B7E2B3421C7CCC7700A57833 /* HiddenGemsTests */,
				B7E2B34D1C7CCC7700A57833 /* HiddenGemsUITests */,
				B7E2B32C1C7CCC7700A57833 /* Products */,
			);
			sourceTree = "<group>";
		};
		B7E2B32C1C7CCC7700A57833 /* Products */ = {
			isa = PBXGroup;
			children = (
				B7E2B32B1C7CCC7700A57833 /* HiddenGems.app */,
				B7E2B33F1C7CCC7700A57833 /* HiddenGemsTests.xctest */,
				B7E2B34A1C7CCC7700A57833 /* HiddenGemsUITests.xctest */,
			);
			name = Products;
			sourceTree = "<group>";
		};
		B7E2B32D1C7CCC7700A57833 /* HiddenGems */ = {
			isa = PBXGroup;
			children = (
				BA28B64E1CB47B38006E66A0 /* Kitesurfing Filled-50.png */,
				B756DDA91CADF41B0005A612 /* face.png */,
				B756DDAB1CADF41B0005A612 /* person.png */,
				C6BBA2291CC7485400297AB7 /* HiddenGemsBackground.png */,
				C6BBA21E1CC729C100297AB7 /* HiddenGemsLaunch.png */,
				B756DDB11CADF8640005A612 /* logout-2.png */,
				B756DDAC1CADF41B0005A612 /* settings.png */,
				C69A24081CBDBC7300969AE6 /* marker_purple.png */,
				C69A24091CBDBC7300969AE6 /* marker_red.png */,
				C6BBA2211CC72A8300297AB7 /* iph6s180.png */,
				C6BBA2221CC72A8300297AB7 /* iph6120.png */,
				C6BBA2251CC7300C00297AB7 /* bp_icon_white.png */,
				C6BBA2261CC7300C00297AB7 /* bp_icon.png */,
				B7EB1EDC1C9A601800FF1C11 /* iph6&s.png */,
				B75AB7451CB02D00000B878D /* Museum Filled-50.png */,
				B75AB7471CB02E9F000B878D /* Restaurant Filled-50.png */,
				B75AB7491CB02F5A000B878D /* Cocktail Filled-50.png */,
				C6BBA2191CC7292600297AB7 /* iph6s-1.png */,
				B75AB74B1CB032FC000B878D /* Bear Footprint Filled-50.png */,
				C6BBA21B1CC7293100297AB7 /* Kitesurfing Filled-50.png */,
				B75AB74D1CB0346D000B878D /* Deciduous Tree Filled-50.png */,
				BA6FADA31C8FC2990053D9CB /* background1.png */,
				B78B65221CAB4F3200E903C7 /* Main.storyboard */,
				B7E2B3351C7CCC7700A57833 /* Assets.xcassets */,
				B7E2B33A1C7CCC7700A57833 /* Info.plist */,
				B7E2B32E1C7CCC7700A57833 /* AppDelegate.swift */,
				B7E2B3301C7CCC7700A57833 /* ViewController.swift */,
				BA6FADAA1C90FE7F0053D9CB /* RegisterViewController.swift */,
				C6D7EE2A1CB7241C007C16AB /* NearbyViewController.swift */,
				B7E2B35E1C7CE51A00A57833 /* MapViewController.swift */,
				B79D96801CACFAB200043E99 /* MyAccountViewController.swift */,
				B79D967E1CACF41B00043E99 /* PreferencesViewController.swift */,
				C6D7EE2C1CB72585007C16AB /* LaunchScreen.xib */,
				B74A5B6C1C86A38B00E46425 /* ExploreViewController.swift */,
				B71B85161CB45C1300669E20 /* HiddenGemData.xcdatamodeld */,
				BA2C97E21CB49B70007E49A8 /* ForgetPasswordVC.swift */,
			);
			path = HiddenGems;
			sourceTree = "<group>";
		};
		B7E2B3421C7CCC7700A57833 /* HiddenGemsTests */ = {
			isa = PBXGroup;
			children = (
				B7E2B3431C7CCC7700A57833 /* HiddenGemsTests.swift */,
				B7E2B3451C7CCC7700A57833 /* Info.plist */,
			);
			path = HiddenGemsTests;
			sourceTree = "<group>";
		};
		B7E2B34D1C7CCC7700A57833 /* HiddenGemsUITests */ = {
			isa = PBXGroup;
			children = (
				B7E2B34E1C7CCC7700A57833 /* HiddenGemsUITests.swift */,
				B7E2B3501C7CCC7700A57833 /* Info.plist */,
			);
			path = HiddenGemsUITests;
			sourceTree = "<group>";
		};
/* End PBXGroup section */

/* Begin PBXNativeTarget section */
		B7E2B32A1C7CCC7700A57833 /* HiddenGems */ = {
			isa = PBXNativeTarget;
			buildConfigurationList = B7E2B3531C7CCC7700A57833 /* Build configuration list for PBXNativeTarget "HiddenGems" */;
			buildPhases = (
				B7E2B3271C7CCC7700A57833 /* Sources */,
				B7E2B3281C7CCC7700A57833 /* Frameworks */,
				B7E2B3291C7CCC7700A57833 /* Resources */,
			);
			buildRules = (
			);
			dependencies = (
			);
			name = HiddenGems;
			productName = HiddenGems;
			productReference = B7E2B32B1C7CCC7700A57833 /* HiddenGems.app */;
			productType = "com.apple.product-type.application";
		};
		B7E2B33E1C7CCC7700A57833 /* HiddenGemsTests */ = {
			isa = PBXNativeTarget;
			buildConfigurationList = B7E2B3561C7CCC7700A57833 /* Build configuration list for PBXNativeTarget "HiddenGemsTests" */;
			buildPhases = (
				B7E2B33B1C7CCC7700A57833 /* Sources */,
				B7E2B33C1C7CCC7700A57833 /* Frameworks */,
				B7E2B33D1C7CCC7700A57833 /* Resources */,
			);
			buildRules = (
			);
			dependencies = (
				B7E2B3411C7CCC7700A57833 /* PBXTargetDependency */,
			);
			name = HiddenGemsTests;
			productName = HiddenGemsTests;
			productReference = B7E2B33F1C7CCC7700A57833 /* HiddenGemsTests.xctest */;
			productType = "com.apple.product-type.bundle.unit-test";
		};
		B7E2B3491C7CCC7700A57833 /* HiddenGemsUITests */ = {
			isa = PBXNativeTarget;
			buildConfigurationList = B7E2B3591C7CCC7700A57833 /* Build configuration list for PBXNativeTarget "HiddenGemsUITests" */;
			buildPhases = (
				B7E2B3461C7CCC7700A57833 /* Sources */,
				B7E2B3471C7CCC7700A57833 /* Frameworks */,
				B7E2B3481C7CCC7700A57833 /* Resources */,
			);
			buildRules = (
			);
			dependencies = (
				B7E2B34C1C7CCC7700A57833 /* PBXTargetDependency */,
			);
			name = HiddenGemsUITests;
			productName = HiddenGemsUITests;
			productReference = B7E2B34A1C7CCC7700A57833 /* HiddenGemsUITests.xctest */;
			productType = "com.apple.product-type.bundle.unit-test";
		};
/* End PBXNativeTarget section */

/* Begin PBXProject section */
		B7E2B3231C7CCC7700A57833 /* Project object */ = {
			isa = PBXProject;
			attributes = {
				LastUpgradeCheck = 0700;
				ORGANIZATIONNAME = "Melissa Rojas";
				TargetAttributes = {
					B7E2B32A1C7CCC7700A57833 = {
						CreatedOnToolsVersion = 7.0.1;
					};
					B7E2B33E1C7CCC7700A57833 = {
						CreatedOnToolsVersion = 7.0.1;
						TestTargetID = B7E2B32A1C7CCC7700A57833;
					};
					B7E2B3491C7CCC7700A57833 = {
						CreatedOnToolsVersion = 7.0.1;
						TestTargetID = B7E2B32A1C7CCC7700A57833;
					};
				};
			};
			buildConfigurationList = B7E2B3261C7CCC7700A57833 /* Build configuration list for PBXProject "HiddenGems" */;
			compatibilityVersion = "Xcode 3.2";
			developmentRegion = English;
			hasScannedForEncodings = 0;
			knownRegions = (
				en,
				Base,
			);
			mainGroup = B7E2B3221C7CCC7700A57833;
			productRefGroup = B7E2B32C1C7CCC7700A57833 /* Products */;
			projectDirPath = "";
			projectRoot = "";
			targets = (
				B7E2B32A1C7CCC7700A57833 /* HiddenGems */,
				B7E2B33E1C7CCC7700A57833 /* HiddenGemsTests */,
				B7E2B3491C7CCC7700A57833 /* HiddenGemsUITests */,
			);
		};
/* End PBXProject section */

/* Begin PBXResourcesBuildPhase section */
		B7E2B3291C7CCC7700A57833 /* Resources */ = {
			isa = PBXResourcesBuildPhase;
			buildActionMask = 2147483647;
			files = (
				B75AB74E1CB0346D000B878D /* Deciduous Tree Filled-50.png in Resources */,
				B75AB7481CB02E9F000B878D /* Restaurant Filled-50.png in Resources */,
				B756DDB01CADF41B0005A612 /* settings.png in Resources */,
				B75AB7461CB02D00000B878D /* Museum Filled-50.png in Resources */,
				B75AB74C1CB032FC000B878D /* Bear Footprint Filled-50.png in Resources */,
				B7E2B3361C7CCC7700A57833 /* Assets.xcassets in Resources */,
				B78B65241CAB4F3200E903C7 /* Main.storyboard in Resources */,
				C6BBA2241CC72A8300297AB7 /* iph6120.png in Resources */,
				C6BBA2271CC7300C00297AB7 /* bp_icon_white.png in Resources */,
				B756DDB21CADF8640005A612 /* logout-2.png in Resources */,
				BA6FADA41C8FC2990053D9CB /* background1.png in Resources */,
				C6BBA2281CC7300C00297AB7 /* bp_icon.png in Resources */,
				C6BBA21A1CC7292600297AB7 /* iph6s-1.png in Resources */,
				C6BBA2231CC72A8300297AB7 /* iph6s180.png in Resources */,
				B756DDAD1CADF41B0005A612 /* face.png in Resources */,
				C6D7EE2D1CB72585007C16AB /* LaunchScreen.xib in Resources */,
				B75AB74A1CB02F5A000B878D /* Cocktail Filled-50.png in Resources */,
				C6BBA2201CC729C100297AB7 /* HiddenGemsLaunch.png in Resources */,
				BA28B64F1CB47B38006E66A0 /* Kitesurfing Filled-50.png in Resources */,
				C6BBA22A1CC7485400297AB7 /* HiddenGemsBackground.png in Resources */,
				BA2C97E11CB48F5F007E49A8 /* Default-568h@2x.png in Resources */,
				C69A240A1CBDBC7300969AE6 /* marker_purple.png in Resources */,
				B756DDAF1CADF41B0005A612 /* person.png in Resources */,
				C6BBA21C1CC7293100297AB7 /* Kitesurfing Filled-50.png in Resources */,
				B7EB1EDD1C9A601800FF1C11 /* iph6&s.png in Resources */,
				C69A240B1CBDBC7300969AE6 /* marker_red.png in Resources */,
			);
			runOnlyForDeploymentPostprocessing = 0;
		};
		B7E2B33D1C7CCC7700A57833 /* Resources */ = {
			isa = PBXResourcesBuildPhase;
			buildActionMask = 2147483647;
			files = (
			);
			runOnlyForDeploymentPostprocessing = 0;
		};
		B7E2B3481C7CCC7700A57833 /* Resources */ = {
			isa = PBXResourcesBuildPhase;
			buildActionMask = 2147483647;
			files = (
			);
			runOnlyForDeploymentPostprocessing = 0;
		};
/* End PBXResourcesBuildPhase section */

/* Begin PBXSourcesBuildPhase section */
		B7E2B3271C7CCC7700A57833 /* Sources */ = {
			isa = PBXSourcesBuildPhase;
			buildActionMask = 2147483647;
			files = (
				B74A5B6D1C86A38B00E46425 /* ExploreViewController.swift in Sources */,
				BA2C97E31CB49B70007E49A8 /* ForgetPasswordVC.swift in Sources */,
				B71B85181CB45C1300669E20 /* HiddenGemData.xcdatamodeld in Sources */,
				BA6FADAB1C90FE7F0053D9CB /* RegisterViewController.swift in Sources */,
				B7E2B3311C7CCC7700A57833 /* ViewController.swift in Sources */,
				B79D96811CACFAB200043E99 /* MyAccountViewController.swift in Sources */,
				C6D7EE2B1CB7241C007C16AB /* NearbyViewController.swift in Sources */,
				B7E2B35F1C7CE51A00A57833 /* MapViewController.swift in Sources */,
				B7E2B32F1C7CCC7700A57833 /* AppDelegate.swift in Sources */,
				B79D967F1CACF41B00043E99 /* PreferencesViewController.swift in Sources */,
			);
			runOnlyForDeploymentPostprocessing = 0;
		};
		B7E2B33B1C7CCC7700A57833 /* Sources */ = {
			isa = PBXSourcesBuildPhase;
			buildActionMask = 2147483647;
			files = (
				B7E2B3441C7CCC7700A57833 /* HiddenGemsTests.swift in Sources */,
			);
			runOnlyForDeploymentPostprocessing = 0;
		};
		B7E2B3461C7CCC7700A57833 /* Sources */ = {
			isa = PBXSourcesBuildPhase;
			buildActionMask = 2147483647;
			files = (
				B7E2B34F1C7CCC7700A57833 /* HiddenGemsUITests.swift in Sources */,
			);
			runOnlyForDeploymentPostprocessing = 0;
		};
/* End PBXSourcesBuildPhase section */

/* Begin PBXTargetDependency section */
		B7E2B3411C7CCC7700A57833 /* PBXTargetDependency */ = {
			isa = PBXTargetDependency;
			target = B7E2B32A1C7CCC7700A57833 /* HiddenGems */;
			targetProxy = B7E2B3401C7CCC7700A57833 /* PBXContainerItemProxy */;
		};
		B7E2B34C1C7CCC7700A57833 /* PBXTargetDependency */ = {
			isa = PBXTargetDependency;
			target = B7E2B32A1C7CCC7700A57833 /* HiddenGems */;
			targetProxy = B7E2B34B1C7CCC7700A57833 /* PBXContainerItemProxy */;
		};
/* End PBXTargetDependency section */

/* Begin PBXVariantGroup section */
		B78B65221CAB4F3200E903C7 /* Main.storyboard */ = {
			isa = PBXVariantGroup;
			children = (
				B78B65231CAB4F3200E903C7 /* Base */,
			);
			name = Main.storyboard;
			sourceTree = "<group>";
		};
/* End PBXVariantGroup section */

/* Begin XCBuildConfiguration section */
		B7E2B3511C7CCC7700A57833 /* Debug */ = {
			isa = XCBuildConfiguration;
			buildSettings = {
				ALWAYS_SEARCH_USER_PATHS = NO;
				CLANG_CXX_LANGUAGE_STANDARD = "gnu++0x";
				CLANG_CXX_LIBRARY = "libc++";
				CLANG_ENABLE_MODULES = YES;
				CLANG_ENABLE_OBJC_ARC = YES;
				CLANG_WARN_BOOL_CONVERSION = YES;
				CLANG_WARN_CONSTANT_CONVERSION = YES;
				CLANG_WARN_DIRECT_OBJC_ISA_USAGE = YES_ERROR;
				CLANG_WARN_EMPTY_BODY = YES;
				CLANG_WARN_ENUM_CONVERSION = YES;
				CLANG_WARN_INT_CONVERSION = YES;
				CLANG_WARN_OBJC_ROOT_CLASS = YES_ERROR;
				CLANG_WARN_UNREACHABLE_CODE = YES;
				CLANG_WARN__DUPLICATE_METHOD_MATCH = YES;
				"CODE_SIGN_IDENTITY[sdk=iphoneos*]" = "iPhone Developer";
				COPY_PHASE_STRIP = NO;
				DEBUG_INFORMATION_FORMAT = dwarf;
				ENABLE_STRICT_OBJC_MSGSEND = YES;
				ENABLE_TESTABILITY = YES;
				GCC_C_LANGUAGE_STANDARD = gnu99;
				GCC_DYNAMIC_NO_PIC = NO;
				GCC_NO_COMMON_BLOCKS = YES;
				GCC_OPTIMIZATION_LEVEL = 0;
				GCC_PREPROCESSOR_DEFINITIONS = (
					"DEBUG=1",
					"$(inherited)",
				);
				GCC_WARN_64_TO_32_BIT_CONVERSION = YES;
				GCC_WARN_ABOUT_RETURN_TYPE = YES_ERROR;
				GCC_WARN_UNDECLARED_SELECTOR = YES;
				GCC_WARN_UNINITIALIZED_AUTOS = YES_AGGRESSIVE;
				GCC_WARN_UNUSED_FUNCTION = YES;
				GCC_WARN_UNUSED_VARIABLE = YES;
				IPHONEOS_DEPLOYMENT_TARGET = 8.2;
				MTL_ENABLE_DEBUG_INFO = YES;
				ONLY_ACTIVE_ARCH = YES;
				SDKROOT = iphoneos;
				SWIFT_OPTIMIZATION_LEVEL = "-Onone";
				TARGETED_DEVICE_FAMILY = "1,2";
			};
			name = Debug;
		};
		B7E2B3521C7CCC7700A57833 /* Release */ = {
			isa = XCBuildConfiguration;
			buildSettings = {
				ALWAYS_SEARCH_USER_PATHS = NO;
				CLANG_CXX_LANGUAGE_STANDARD = "gnu++0x";
				CLANG_CXX_LIBRARY = "libc++";
				CLANG_ENABLE_MODULES = YES;
				CLANG_ENABLE_OBJC_ARC = YES;
				CLANG_WARN_BOOL_CONVERSION = YES;
				CLANG_WARN_CONSTANT_CONVERSION = YES;
				CLANG_WARN_DIRECT_OBJC_ISA_USAGE = YES_ERROR;
				CLANG_WARN_EMPTY_BODY = YES;
				CLANG_WARN_ENUM_CONVERSION = YES;
				CLANG_WARN_INT_CONVERSION = YES;
				CLANG_WARN_OBJC_ROOT_CLASS = YES_ERROR;
				CLANG_WARN_UNREACHABLE_CODE = YES;
				CLANG_WARN__DUPLICATE_METHOD_MATCH = YES;
				"CODE_SIGN_IDENTITY[sdk=iphoneos*]" = "iPhone Developer";
				COPY_PHASE_STRIP = NO;
				DEBUG_INFORMATION_FORMAT = "dwarf-with-dsym";
				ENABLE_NS_ASSERTIONS = NO;
				ENABLE_STRICT_OBJC_MSGSEND = YES;
				GCC_C_LANGUAGE_STANDARD = gnu99;
				GCC_NO_COMMON_BLOCKS = YES;
				GCC_WARN_64_TO_32_BIT_CONVERSION = YES;
				GCC_WARN_ABOUT_RETURN_TYPE = YES_ERROR;
				GCC_WARN_UNDECLARED_SELECTOR = YES;
				GCC_WARN_UNINITIALIZED_AUTOS = YES_AGGRESSIVE;
				GCC_WARN_UNUSED_FUNCTION = YES;
				GCC_WARN_UNUSED_VARIABLE = YES;
				IPHONEOS_DEPLOYMENT_TARGET = 8.2;
				MTL_ENABLE_DEBUG_INFO = NO;
				SDKROOT = iphoneos;
				TARGETED_DEVICE_FAMILY = "1,2";
				VALIDATE_PRODUCT = YES;
			};
			name = Release;
		};
		B7E2B3541C7CCC7700A57833 /* Debug */ = {
			isa = XCBuildConfiguration;
			buildSettings = {
				ASSETCATALOG_COMPILER_APPICON_NAME = AppIcon;
				INFOPLIST_FILE = HiddenGems/Info.plist;
				IPHONEOS_DEPLOYMENT_TARGET = 8.2;
				LD_RUNPATH_SEARCH_PATHS = "$(inherited) @executable_path/Frameworks";
				PRODUCT_BUNDLE_IDENTIFIER = kameroli.HiddenGems;
				PRODUCT_NAME = "$(TARGET_NAME)";
			};
			name = Debug;
		};
		B7E2B3551C7CCC7700A57833 /* Release */ = {
			isa = XCBuildConfiguration;
			buildSettings = {
				ASSETCATALOG_COMPILER_APPICON_NAME = AppIcon;
				INFOPLIST_FILE = HiddenGems/Info.plist;
				IPHONEOS_DEPLOYMENT_TARGET = 8.2;
				LD_RUNPATH_SEARCH_PATHS = "$(inherited) @executable_path/Frameworks";
				PRODUCT_BUNDLE_IDENTIFIER = kameroli.HiddenGems;
				PRODUCT_NAME = "$(TARGET_NAME)";
			};
			name = Release;
		};
		B7E2B3571C7CCC7700A57833 /* Debug */ = {
			isa = XCBuildConfiguration;
			buildSettings = {
				BUNDLE_LOADER = "$(TEST_HOST)";
				INFOPLIST_FILE = HiddenGemsTests/Info.plist;
				IPHONEOS_DEPLOYMENT_TARGET = 8.2;
				LD_RUNPATH_SEARCH_PATHS = "$(inherited) @executable_path/Frameworks @loader_path/Frameworks";
				PRODUCT_BUNDLE_IDENTIFIER = kameroli.HiddenGemsTests;
				PRODUCT_NAME = "$(TARGET_NAME)";
				TEST_HOST = "$(BUILT_PRODUCTS_DIR)/HiddenGems.app/HiddenGems";
			};
			name = Debug;
		};
		B7E2B3581C7CCC7700A57833 /* Release */ = {
			isa = XCBuildConfiguration;
			buildSettings = {
				BUNDLE_LOADER = "$(TEST_HOST)";
				INFOPLIST_FILE = HiddenGemsTests/Info.plist;
				IPHONEOS_DEPLOYMENT_TARGET = 8.2;
				LD_RUNPATH_SEARCH_PATHS = "$(inherited) @executable_path/Frameworks @loader_path/Frameworks";
				PRODUCT_BUNDLE_IDENTIFIER = kameroli.HiddenGemsTests;
				PRODUCT_NAME = "$(TARGET_NAME)";
				TEST_HOST = "$(BUILT_PRODUCTS_DIR)/HiddenGems.app/HiddenGems";
			};
			name = Release;
		};
		B7E2B35A1C7CCC7700A57833 /* Debug */ = {
			isa = XCBuildConfiguration;
			buildSettings = {
				INFOPLIST_FILE = HiddenGemsUITests/Info.plist;
				LD_RUNPATH_SEARCH_PATHS = "$(inherited) @executable_path/Frameworks @loader_path/Frameworks";
				PRODUCT_BUNDLE_IDENTIFIER = kameroli.HiddenGemsUITests;
				PRODUCT_NAME = "$(TARGET_NAME)";
				TEST_TARGET_NAME = HiddenGems;
				USES_XCTRUNNER = YES;
			};
			name = Debug;
		};
		B7E2B35B1C7CCC7700A57833 /* Release */ = {
			isa = XCBuildConfiguration;
			buildSettings = {
				INFOPLIST_FILE = HiddenGemsUITests/Info.plist;
				LD_RUNPATH_SEARCH_PATHS = "$(inherited) @executable_path/Frameworks @loader_path/Frameworks";
				PRODUCT_BUNDLE_IDENTIFIER = kameroli.HiddenGemsUITests;
				PRODUCT_NAME = "$(TARGET_NAME)";
				TEST_TARGET_NAME = HiddenGems;
				USES_XCTRUNNER = YES;
			};
			name = Release;
		};
/* End XCBuildConfiguration section */

/* Begin XCConfigurationList section */
		B7E2B3261C7CCC7700A57833 /* Build configuration list for PBXProject "HiddenGems" */ = {
			isa = XCConfigurationList;
			buildConfigurations = (
				B7E2B3511C7CCC7700A57833 /* Debug */,
				B7E2B3521C7CCC7700A57833 /* Release */,
			);
			defaultConfigurationIsVisible = 0;
			defaultConfigurationName = Release;
		};
		B7E2B3531C7CCC7700A57833 /* Build configuration list for PBXNativeTarget "HiddenGems" */ = {
			isa = XCConfigurationList;
			buildConfigurations = (
				B7E2B3541C7CCC7700A57833 /* Debug */,
				B7E2B3551C7CCC7700A57833 /* Release */,
			);
			defaultConfigurationIsVisible = 0;
			defaultConfigurationName = Release;
		};
		B7E2B3561C7CCC7700A57833 /* Build configuration list for PBXNativeTarget "HiddenGemsTests" */ = {
			isa = XCConfigurationList;
			buildConfigurations = (
				B7E2B3571C7CCC7700A57833 /* Debug */,
				B7E2B3581C7CCC7700A57833 /* Release */,
			);
			defaultConfigurationIsVisible = 0;
			defaultConfigurationName = Release;
		};
		B7E2B3591C7CCC7700A57833 /* Build configuration list for PBXNativeTarget "HiddenGemsUITests" */ = {
			isa = XCConfigurationList;
			buildConfigurations = (
				B7E2B35A1C7CCC7700A57833 /* Debug */,
				B7E2B35B1C7CCC7700A57833 /* Release */,
			);
			defaultConfigurationIsVisible = 0;
			defaultConfigurationName = Release;
		};
/* End XCConfigurationList section */

/* Begin XCVersionGroup section */
		B71B85161CB45C1300669E20 /* HiddenGemData.xcdatamodeld */ = {
			isa = XCVersionGroup;
			children = (
				B71B85171CB45C1300669E20 /* HiddenGemData.xcdatamodel */,
			);
			currentVersion = B71B85171CB45C1300669E20 /* HiddenGemData.xcdatamodel */;
			path = HiddenGemData.xcdatamodeld;
			sourceTree = "<group>";
			versionGroupType = wrapper.xcdatamodel;
		};
/* End XCVersionGroup section */
	};
	rootObject = B7E2B3231C7CCC7700A57833 /* Project object */;
}
